
Microsoft Visual Studio Solution File, Format Version 12.00
# Visual Studio Version 17
VisualStudioVersion = 17.9.34714.143
MinimumVisualStudioVersion = 10.0.40219.1
Project("{FAE04EC0-301F-11D3-BF4B-00C04F79EFBC}") = "MVCKubernetes", "MVCKubernetes\MVCKubernetes.csproj", "{9030D60F-8EE3-4074-99A8-2CAF8416CE58}"
EndProject
Global
	GlobalSection(SolutionConfigurationPlatforms) = preSolution
		Debug|Any CPU = Debug|Any CPU
		Release|Any CPU = Release|Any CPU
	EndGlobalSection
	GlobalSection(ProjectConfigurationPlatforms) = postSolution
		{9030D60F-8EE3-4074-99A8-2CAF8416CE58}.Debug|Any CPU.ActiveCfg = Debug|Any CPU
		{9030D60F-8EE3-4074-99A8-2CAF8416CE58}.Debug|Any CPU.Build.0 = Debug|Any CPU
		{9030D60F-8EE3-4074-99A8-2CAF8416CE58}.Release|Any CPU.ActiveCfg = Release|Any CPU
		{9030D60F-8EE3-4074-99A8-2CAF8416CE58}.Release|Any CPU.Build.0 = Release|Any CPU
	EndGlobalSection
	GlobalSection(SolutionProperties) = preSolution
		HideSolutionNode = FALSE
	EndGlobalSection
	GlobalSection(ExtensibilityGlobals) = postSolution
		SolutionGuid = {881D1C33-3EB6-43EA-A863-9B689723C37A}
	EndGlobalSection
EndGlobal
